
Microsoft Visual Studio Solution File, Format Version 12.00
# Visual Studio Version 16
VisualStudioVersion = 16.0.30330.147
MinimumVisualStudioVersion = 10.0.40219.1
Project("{9A19103F-16F7-4668-BE54-9A1E7A4F7556}") = "LandingPageTemplate.Server", "LandingPageTemplate\Server\LandingPageTemplate.Server.csproj", "{2F88D857-EACB-466A-B52D-410E258AA521}"
EndProject
Project("{9A19103F-16F7-4668-BE54-9A1E7A4F7556}") = "LandingPageTemplate.Client", "LandingPageTemplate\Client\LandingPageTemplate.Client.csproj", "{140071C8-05A4-4EA8-9116-661C685EF7CF}"
EndProject
Project("{9A19103F-16F7-4668-BE54-9A1E7A4F7556}") = "LandingPageTemplate.Shared", "LandingPageTemplate\Shared\LandingPageTemplate.Shared.csproj", "{49662EF3-8A76-47E6-AF49-85DB56A80D10}"
EndProject
Global
	GlobalSection(SolutionConfigurationPlatforms) = preSolution
		Debug|Any CPU = Debug|Any CPU
		Release|Any CPU = Release|Any CPU
	EndGlobalSection
	GlobalSection(ProjectConfigurationPlatforms) = postSolution
		{2F88D857-EACB-466A-B52D-410E258AA521}.Debug|Any CPU.ActiveCfg = Debug|Any CPU
		{2F88D857-EACB-466A-B52D-410E258AA521}.Debug|Any CPU.Build.0 = Debug|Any CPU
		{2F88D857-EACB-466A-B52D-410E258AA521}.Release|Any CPU.ActiveCfg = Release|Any CPU
		{2F88D857-EACB-466A-B52D-410E258AA521}.Release|Any CPU.Build.0 = Release|Any CPU
		{140071C8-05A4-4EA8-9116-661C685EF7CF}.Debug|Any CPU.ActiveCfg = Debug|Any CPU
		{140071C8-05A4-4EA8-9116-661C685EF7CF}.Debug|Any CPU.Build.0 = Debug|Any CPU
		{140071C8-05A4-4EA8-9116-661C685EF7CF}.Release|Any CPU.ActiveCfg = Release|Any CPU
		{140071C8-05A4-4EA8-9116-661C685EF7CF}.Release|Any CPU.Build.0 = Release|Any CPU
		{49662EF3-8A76-47E6-AF49-85DB56A80D10}.Debug|Any CPU.ActiveCfg = Debug|Any CPU
		{49662EF3-8A76-47E6-AF49-85DB56A80D10}.Debug|Any CPU.Build.0 = Debug|Any CPU
		{49662EF3-8A76-47E6-AF49-85DB56A80D10}.Release|Any CPU.ActiveCfg = Release|Any CPU
		{49662EF3-8A76-47E6-AF49-85DB56A80D10}.Release|Any CPU.Build.0 = Release|Any CPU
	EndGlobalSection
	GlobalSection(SolutionProperties) = preSolution
		HideSolutionNode = FALSE
	EndGlobalSection
	GlobalSection(ExtensibilityGlobals) = postSolution
		SolutionGuid = {D724FEC2-7630-4F98-8191-06EBCA3AAB3D}
	EndGlobalSection
EndGlobal
